PODS:
  - Flutter (1.0.0)
  - insider_handle_url (0.0.1):
    - Flutter
    - InsiderMobile
  - InsiderMobile (13.0.0)
  - integration_test (0.0.1):
    - Flutter

DEPENDENCIES:
  - Flutter (from `Flutter`)
  - insider_handle_url (from `.symlinks/plugins/insider_handle_url/ios`)
  - integration_test (from `.symlinks/plugins/integration_test/ios`)

SPEC REPOS:
  trunk:
    - InsiderMobile

EXTERNAL SOURCES:
  Flutter:
    :path: Flutter
  insider_handle_url:
    :path: ".symlinks/plugins/insider_handle_url/ios"
  integration_test:
    :path: ".symlinks/plugins/integration_test/ios"

SPEC CHECKSUMS:
  Flutter: f04841e97a9d0b0a8025694d0796dd46242b2854
  insider_handle_url: 8bee6840c7f4a7a83f8d368020a109ede7c9e7ae
  InsiderMobile: 4f413f82dcf949d4506b1d3f0b1ecf0bdd230080
  integration_test: 13825b8a9334a850581300559b8839134b124670

PODFILE CHECKSUM: 70d9d25280d0dd177a5f637cdb0f0b0b12c6a189

COCOAPODS: 1.11.3
